
Microsoft Visual Studio Solution File, Format Version 12.00
# Visual Studio 15
VisualStudioVersion = 15.0.28307.329
MinimumVisualStudioVersion = 10.0.40219.1
Project("{FAE04EC0-301F-11D3-BF4B-00C04F79EFBC}") = "Employee", "Employee\Employee.csproj", "{ACB631E5-6AF8-43EA-A32C-D74DFFAF5483}"
EndProject
Project("{FAE04EC0-301F-11D3-BF4B-00C04F79EFBC}") = "EmployeeMVC", "EmployeeMVC\EmployeeMVC.csproj", "{73086C20-1B49-491B-80F6-9823E2BDFAF3}"
EndProject
Global
	GlobalSection(SolutionConfigurationPlatforms) = preSolution
		Debug|Any CPU = Debug|Any CPU
		Release|Any CPU = Release|Any CPU
	EndGlobalSection
	GlobalSection(ProjectConfigurationPlatforms) = postSolution
		{ACB631E5-6AF8-43EA-A32C-D74DFFAF5483}.Debug|Any CPU.ActiveCfg = Debug|Any CPU
		{ACB631E5-6AF8-43EA-A32C-D74DFFAF5483}.Debug|Any CPU.Build.0 = Debug|Any CPU
		{ACB631E5-6AF8-43EA-A32C-D74DFFAF5483}.Release|Any CPU.ActiveCfg = Release|Any CPU
		{ACB631E5-6AF8-43EA-A32C-D74DFFAF5483}.Release|Any CPU.Build.0 = Release|Any CPU
		{73086C20-1B49-491B-80F6-9823E2BDFAF3}.Debug|Any CPU.ActiveCfg = Debug|Any CPU
		{73086C20-1B49-491B-80F6-9823E2BDFAF3}.Debug|Any CPU.Build.0 = Debug|Any CPU
		{73086C20-1B49-491B-80F6-9823E2BDFAF3}.Release|Any CPU.ActiveCfg = Release|Any CPU
		{73086C20-1B49-491B-80F6-9823E2BDFAF3}.Release|Any CPU.Build.0 = Release|Any CPU
	EndGlobalSection
	GlobalSection(SolutionProperties) = preSolution
		HideSolutionNode = FALSE
	EndGlobalSection
	GlobalSection(ExtensibilityGlobals) = postSolution
		SolutionGuid = {83BBA2D9-FB2F-461C-A745-770F736EC997}
	EndGlobalSection
EndGlobal
